
Microsoft Visual Studio Solution File, Format Version 12.00
# Visual Studio 15
VisualStudioVersion = 15.0.26124.0
MinimumVisualStudioVersion = 15.0.26124.0
Project("{2150E333-8FDC-42A3-9474-1A3956D46DE8}") = "src", "src", "{43D9AF5B-179E-40AF-A68E-5744EEF36CC3}"
EndProject
Project("{FAE04EC0-301F-11D3-BF4B-00C04F79EFBC}") = "Sample.Api", "src\Sample.Api\Sample.Api.csproj", "{DF285B4D-E786-412B-A61F-E3AD9A7940CB}"
EndProject
Project("{FAE04EC0-301F-11D3-BF4B-00C04F79EFBC}") = "Sample.Worker", "src\Sample.Worker\Sample.Worker.csproj", "{5C21B388-9455-491B-95F6-6A71FCC7BC68}"
EndProject
Project("{FAE04EC0-301F-11D3-BF4B-00C04F79EFBC}") = "Sample.Contracts", "src\Sample.Contracts\Sample.Contracts.csproj", "{CDF6F6FB-AAE0-4963-8A66-32FA4DD2F31E}"
EndProject
Global
	GlobalSection(SolutionConfigurationPlatforms) = preSolution
		Debug|Any CPU = Debug|Any CPU
		Debug|x64 = Debug|x64
		Debug|x86 = Debug|x86
		Release|Any CPU = Release|Any CPU
		Release|x64 = Release|x64
		Release|x86 = Release|x86
	EndGlobalSection
	GlobalSection(SolutionProperties) = preSolution
		HideSolutionNode = FALSE
	EndGlobalSection
	GlobalSection(ProjectConfigurationPlatforms) = postSolution
		{DF285B4D-E786-412B-A61F-E3AD9A7940CB}.Debug|Any CPU.ActiveCfg = Debug|Any CPU
		{DF285B4D-E786-412B-A61F-E3AD9A7940CB}.Debug|Any CPU.Build.0 = Debug|Any CPU
		{DF285B4D-E786-412B-A61F-E3AD9A7940CB}.Debug|x64.ActiveCfg = Debug|Any CPU
		{DF285B4D-E786-412B-A61F-E3AD9A7940CB}.Debug|x64.Build.0 = Debug|Any CPU
		{DF285B4D-E786-412B-A61F-E3AD9A7940CB}.Debug|x86.ActiveCfg = Debug|Any CPU
		{DF285B4D-E786-412B-A61F-E3AD9A7940CB}.Debug|x86.Build.0 = Debug|Any CPU
		{DF285B4D-E786-412B-A61F-E3AD9A7940CB}.Release|Any CPU.ActiveCfg = Release|Any CPU
		{DF285B4D-E786-412B-A61F-E3AD9A7940CB}.Release|Any CPU.Build.0 = Release|Any CPU
		{DF285B4D-E786-412B-A61F-E3AD9A7940CB}.Release|x64.ActiveCfg = Release|Any CPU
		{DF285B4D-E786-412B-A61F-E3AD9A7940CB}.Release|x64.Build.0 = Release|Any CPU
		{DF285B4D-E786-412B-A61F-E3AD9A7940CB}.Release|x86.ActiveCfg = Release|Any CPU
		{DF285B4D-E786-412B-A61F-E3AD9A7940CB}.Release|x86.Build.0 = Release|Any CPU
		{5C21B388-9455-491B-95F6-6A71FCC7BC68}.Debug|Any CPU.ActiveCfg = Debug|Any CPU
		{5C21B388-9455-491B-95F6-6A71FCC7BC68}.Debug|Any CPU.Build.0 = Debug|Any CPU
		{5C21B388-9455-491B-95F6-6A71FCC7BC68}.Debug|x64.ActiveCfg = Debug|Any CPU
		{5C21B388-9455-491B-95F6-6A71FCC7BC68}.Debug|x64.Build.0 = Debug|Any CPU
		{5C21B388-9455-491B-95F6-6A71FCC7BC68}.Debug|x86.ActiveCfg = Debug|Any CPU
		{5C21B388-9455-491B-95F6-6A71FCC7BC68}.Debug|x86.Build.0 = Debug|Any CPU
		{5C21B388-9455-491B-95F6-6A71FCC7BC68}.Release|Any CPU.ActiveCfg = Release|Any CPU
		{5C21B388-9455-491B-95F6-6A71FCC7BC68}.Release|Any CPU.Build.0 = Release|Any CPU
		{5C21B388-9455-491B-95F6-6A71FCC7BC68}.Release|x64.ActiveCfg = Release|Any CPU
		{5C21B388-9455-491B-95F6-6A71FCC7BC68}.Release|x64.Build.0 = Release|Any CPU
		{5C21B388-9455-491B-95F6-6A71FCC7BC68}.Release|x86.ActiveCfg = Release|Any CPU
		{5C21B388-9455-491B-95F6-6A71FCC7BC68}.Release|x86.Build.0 = Release|Any CPU
		{CDF6F6FB-AAE0-4963-8A66-32FA4DD2F31E}.Debug|Any CPU.ActiveCfg = Debug|Any CPU
		{CDF6F6FB-AAE0-4963-8A66-32FA4DD2F31E}.Debug|Any CPU.Build.0 = Debug|Any CPU
		{CDF6F6FB-AAE0-4963-8A66-32FA4DD2F31E}.Debug|x64.ActiveCfg = Debug|Any CPU
		{CDF6F6FB-AAE0-4963-8A66-32FA4DD2F31E}.Debug|x64.Build.0 = Debug|Any CPU
		{CDF6F6FB-AAE0-4963-8A66-32FA4DD2F31E}.Debug|x86.ActiveCfg = Debug|Any CPU
		{CDF6F6FB-AAE0-4963-8A66-32FA4DD2F31E}.Debug|x86.Build.0 = Debug|Any CPU
		{CDF6F6FB-AAE0-4963-8A66-32FA4DD2F31E}.Release|Any CPU.ActiveCfg = Release|Any CPU
		{CDF6F6FB-AAE0-4963-8A66-32FA4DD2F31E}.Release|Any CPU.Build.0 = Release|Any CPU
		{CDF6F6FB-AAE0-4963-8A66-32FA4DD2F31E}.Release|x64.ActiveCfg = Release|Any CPU
		{CDF6F6FB-AAE0-4963-8A66-32FA4DD2F31E}.Release|x64.Build.0 = Release|Any CPU
		{CDF6F6FB-AAE0-4963-8A66-32FA4DD2F31E}.Release|x86.ActiveCfg = Release|Any CPU
		{CDF6F6FB-AAE0-4963-8A66-32FA4DD2F31E}.Release|x86.Build.0 = Release|Any CPU
	EndGlobalSection
	GlobalSection(NestedProjects) = preSolution
		{DF285B4D-E786-412B-A61F-E3AD9A7940CB} = {43D9AF5B-179E-40AF-A68E-5744EEF36CC3}
		{5C21B388-9455-491B-95F6-6A71FCC7BC68} = {43D9AF5B-179E-40AF-A68E-5744EEF36CC3}
		{CDF6F6FB-AAE0-4963-8A66-32FA4DD2F31E} = {43D9AF5B-179E-40AF-A68E-5744EEF36CC3}
	EndGlobalSection
EndGlobal
